
Microsoft Visual Studio Solution File, Format Version 12.00
# Visual Studio Version 17
VisualStudioVersion = 17.10.34814.14
MinimumVisualStudioVersion = 10.0.40219.1
Project("{2150E333-8FDC-42A3-9474-1A3956D46DE8}") = "src", "src", "{917FCC77-43DD-4A67-A522-35218A862401}"
EndProject
Project("{2150E333-8FDC-42A3-9474-1A3956D46DE8}") = "Presentation", "Presentation", "{EA9C6485-8E04-43BB-A775-72244E75063E}"
EndProject
Project("{2150E333-8FDC-42A3-9474-1A3956D46DE8}") = "Infrastructure", "Infrastructure", "{C366BE2E-278E-4EEC-929F-AE6980FACE32}"
EndProject
Project("{2150E333-8FDC-42A3-9474-1A3956D46DE8}") = "Domain", "Domain", "{A8A27223-F66F-462D-84AC-7E9204E55BD1}"
EndProject
Project("{2150E333-8FDC-42A3-9474-1A3956D46DE8}") = "Application", "Application", "{FFAEB41A-6D6E-44D4-8A96-E9383C6603B1}"
EndProject
Project("{FAE04EC0-301F-11D3-BF4B-00C04F79EFBC}") = "Amazon.Payment.Domain", "src\Domain\Amazon.Payment.Domain\Amazon.Payment.Domain.csproj", "{E794879B-8438-4718-8B4F-B10EE6A4B949}"
EndProject
Project("{FAE04EC0-301F-11D3-BF4B-00C04F79EFBC}") = "Amazon.Payment.Sql", "src\Infrastructure\Amazon.Payment.Sql\Amazon.Payment.Sql.csproj", "{D61CCEEC-0C0A-4159-B76C-59AD3D61E7D6}"
EndProject
Project("{FAE04EC0-301F-11D3-BF4B-00C04F79EFBC}") = "Amazon.Payment.Business", "src\Application\Amazon.Payment.Business\Amazon.Payment.Business.csproj", "{A5BFF48D-FAEA-4873-AC70-83A8D1BB3EAD}"
EndProject
Project("{FAE04EC0-301F-11D3-BF4B-00C04F79EFBC}") = "Amazon.Payment.Api", "src\Presentation\Amazon.Payment.Api\Amazon.Payment.Api.csproj", "{67C7B0DA-B7E4-4AA8-926B-A10CD38D05B0}"
EndProject
Global
	GlobalSection(SolutionConfigurationPlatforms) = preSolution
		Debug|Any CPU = Debug|Any CPU
		Release|Any CPU = Release|Any CPU
	EndGlobalSection
	GlobalSection(ProjectConfigurationPlatforms) = postSolution
		{E794879B-8438-4718-8B4F-B10EE6A4B949}.Debug|Any CPU.ActiveCfg = Debug|Any CPU
		{E794879B-8438-4718-8B4F-B10EE6A4B949}.Debug|Any CPU.Build.0 = Debug|Any CPU
		{E794879B-8438-4718-8B4F-B10EE6A4B949}.Release|Any CPU.ActiveCfg = Release|Any CPU
		{E794879B-8438-4718-8B4F-B10EE6A4B949}.Release|Any CPU.Build.0 = Release|Any CPU
		{D61CCEEC-0C0A-4159-B76C-59AD3D61E7D6}.Debug|Any CPU.ActiveCfg = Debug|Any CPU
		{D61CCEEC-0C0A-4159-B76C-59AD3D61E7D6}.Debug|Any CPU.Build.0 = Debug|Any CPU
		{D61CCEEC-0C0A-4159-B76C-59AD3D61E7D6}.Release|Any CPU.ActiveCfg = Release|Any CPU
		{D61CCEEC-0C0A-4159-B76C-59AD3D61E7D6}.Release|Any CPU.Build.0 = Release|Any CPU
		{A5BFF48D-FAEA-4873-AC70-83A8D1BB3EAD}.Debug|Any CPU.ActiveCfg = Debug|Any CPU
		{A5BFF48D-FAEA-4873-AC70-83A8D1BB3EAD}.Debug|Any CPU.Build.0 = Debug|Any CPU
		{A5BFF48D-FAEA-4873-AC70-83A8D1BB3EAD}.Release|Any CPU.ActiveCfg = Release|Any CPU
		{A5BFF48D-FAEA-4873-AC70-83A8D1BB3EAD}.Release|Any CPU.Build.0 = Release|Any CPU
		{67C7B0DA-B7E4-4AA8-926B-A10CD38D05B0}.Debug|Any CPU.ActiveCfg = Debug|Any CPU
		{67C7B0DA-B7E4-4AA8-926B-A10CD38D05B0}.Debug|Any CPU.Build.0 = Debug|Any CPU
		{67C7B0DA-B7E4-4AA8-926B-A10CD38D05B0}.Release|Any CPU.ActiveCfg = Release|Any CPU
		{67C7B0DA-B7E4-4AA8-926B-A10CD38D05B0}.Release|Any CPU.Build.0 = Release|Any CPU
	EndGlobalSection
	GlobalSection(SolutionProperties) = preSolution
		HideSolutionNode = FALSE
	EndGlobalSection
	GlobalSection(NestedProjects) = preSolution
		{EA9C6485-8E04-43BB-A775-72244E75063E} = {917FCC77-43DD-4A67-A522-35218A862401}
		{C366BE2E-278E-4EEC-929F-AE6980FACE32} = {917FCC77-43DD-4A67-A522-35218A862401}
		{A8A27223-F66F-462D-84AC-7E9204E55BD1} = {917FCC77-43DD-4A67-A522-35218A862401}
		{FFAEB41A-6D6E-44D4-8A96-E9383C6603B1} = {917FCC77-43DD-4A67-A522-35218A862401}
		{E794879B-8438-4718-8B4F-B10EE6A4B949} = {A8A27223-F66F-462D-84AC-7E9204E55BD1}
		{D61CCEEC-0C0A-4159-B76C-59AD3D61E7D6} = {C366BE2E-278E-4EEC-929F-AE6980FACE32}
		{A5BFF48D-FAEA-4873-AC70-83A8D1BB3EAD} = {FFAEB41A-6D6E-44D4-8A96-E9383C6603B1}
		{67C7B0DA-B7E4-4AA8-926B-A10CD38D05B0} = {EA9C6485-8E04-43BB-A775-72244E75063E}
	EndGlobalSection
	GlobalSection(ExtensibilityGlobals) = postSolution
		SolutionGuid = {1AEAA148-2A55-49DA-A6B1-10573E36F78C}
	EndGlobalSection
EndGlobal
